
Microsoft Visual Studio Solution File, Format Version 12.00
# Visual Studio Version 17
VisualStudioVersion = 17.1.32328.378
MinimumVisualStudioVersion = 10.0.40219.1
Project("{FAE04EC0-301F-11D3-BF4B-00C04F79EFBC}") = "vsCSharp", "vsCSharp\vsCSharp.csproj", "{ADAFEECA-7E91-46E3-B888-CD324A858262}"
EndProject
Global
	GlobalSection(SolutionConfigurationPlatforms) = preSolution
		Debug|Any CPU = Debug|Any CPU
		Release|Any CPU = Release|Any CPU
	EndGlobalSection
	GlobalSection(ProjectConfigurationPlatforms) = postSolution
		{ADAFEECA-7E91-46E3-B888-CD324A858262}.Debug|Any CPU.ActiveCfg = Debug|Any CPU
		{ADAFEECA-7E91-46E3-B888-CD324A858262}.Debug|Any CPU.Build.0 = Debug|Any CPU
		{ADAFEECA-7E91-46E3-B888-CD324A858262}.Release|Any CPU.ActiveCfg = Release|Any CPU
		{ADAFEECA-7E91-46E3-B888-CD324A858262}.Release|Any CPU.Build.0 = Release|Any CPU
	EndGlobalSection
	GlobalSection(SolutionProperties) = preSolution
		HideSolutionNode = FALSE
	EndGlobalSection
	GlobalSection(ExtensibilityGlobals) = postSolution
		SolutionGuid = {A4BD6B75-FEC3-4418-B3C3-9B92CFEE57F0}
	EndGlobalSection
EndGlobal
